PODS:
  - j2objc-shared (1.0)

DEPENDENCIES:
  - j2objc-shared (from `/Users/eoskin/projects/hello_animals_mobile/shared/build`)

EXTERNAL SOURCES:
  j2objc-shared:
    :path: "/Users/eoskin/projects/hello_animals_mobile/shared/build"

SPEC CHECKSUMS:
  j2objc-shared: 3e27353ab7b08efafedd1d908aee95ce1b1f571e

COCOAPODS: 0.37.2
