// !$*UTF8*$!
{
	archiveVersion = 1;
	classes = {
	};
	objectVersion = 46;
	objects = {

/* Begin PBXBuildFile section */
		12B55AA81B44F3FD00E49379 /* AppDelegate.swift in Sources */ = {isa = PBXBuildFile; fileRef = 12B55AA71B44F3FD00E49379 /* AppDelegate.swift */; };
		12B55AAA1B44F3FD00E49379 /* MasterViewController.swift in Sources */ = {isa = PBXBuildFile; fileRef = 12B55AA91B44F3FD00E49379 /* MasterViewController.swift */; };
		12B55AAC1B44F3FD00E49379 /* DetailViewController.swift in Sources */ = {isa = PBXBuildFile; fileRef = 12B55AAB1B44F3FD00E49379 /* DetailViewController.swift */; };
		12B55AAF1B44F3FD00E49379 /* Main.storyboard in Resources */ = {isa = PBXBuildFile; fileRef = 12B55AAD1B44F3FD00E49379 /* Main.storyboard */; };
		12B55AB11B44F3FD00E49379 /* Images.xcassets in Resources */ = {isa = PBXBuildFile; fileRef = 12B55AB01B44F3FD00E49379 /* Images.xcassets */; };
		12B55AB41B44F3FD00E49379 /* LaunchScreen.xib in Resources */ = {isa = PBXBuildFile; fileRef = 12B55AB21B44F3FD00E49379 /* LaunchScreen.xib */; };
		12B55AC01B44F3FD00E49379 /* HelloAnimalsTests.swift in Sources */ = {isa = PBXBuildFile; fileRef = 12B55ABF1B44F3FD00E49379 /* HelloAnimalsTests.swift */; };
/* End PBXBuildFile section */

/* Begin PBXContainerItemProxy section */
		12B55ABA1B44F3FD00E49379 /* PBXContainerItemProxy */ = {
			isa = PBXContainerItemProxy;
			containerPortal = 12B55A9A1B44F3FD00E49379 /* Project object */;
			proxyType = 1;
			remoteGlobalIDString = 12B55AA11B44F3FD00E49379;
			remoteInfo = HelloAnimals;
		};
/* End PBXContainerItemProxy section */

/* Begin PBXFileReference section */
		12B55AA21B44F3FD00E49379 /* HelloAnimals.app */ = {isa = PBXFileReference; explicitFileType = wrapper.application; includeInIndex = 0; path = HelloAnimals.app; sourceTree = BUILT_PRODUCTS_DIR; };
		12B55AA61B44F3FD00E49379 /* Info.plist */ = {isa = PBXFileReference; lastKnownFileType = text.plist.xml; path = Info.plist; sourceTree = "<group>"; };
		12B55AA71B44F3FD00E49379 /* AppDelegate.swift */ = {isa = PBXFileReference; lastKnownFileType = sourcecode.swift; path = AppDelegate.swift; sourceTree = "<group>"; };
		12B55AA91B44F3FD00E49379 /* MasterViewController.swift */ = {isa = PBXFileReference; lastKnownFileType = sourcecode.swift; path = MasterViewController.swift; sourceTree = "<group>"; };
		12B55AAB1B44F3FD00E49379 /* DetailViewController.swift */ = {isa = PBXFileReference; lastKnownFileType = sourcecode.swift; path = DetailViewController.swift; sourceTree = "<group>"; };
		12B55AAE1B44F3FD00E49379 /* Base */ = {isa = PBXFileReference; lastKnownFileType = file.storyboard; name = Base; path = Base.lproj/Main.storyboard; sourceTree = "<group>"; };
		12B55AB01B44F3FD00E49379 /* Images.xcassets */ = {isa = PBXFileReference; lastKnownFileType = folder.assetcatalog; path = Images.xcassets; sourceTree = "<group>"; };
		12B55AB31B44F3FD00E49379 /* Base */ = {isa = PBXFileReference; lastKnownFileType = file.xib; name = Base; path = Base.lproj/LaunchScreen.xib; sourceTree = "<group>"; };
		12B55AB91B44F3FD00E49379 /* HelloAnimalsTests.xctest */ = {isa = PBXFileReference; explicitFileType = wrapper.cfbundle; includeInIndex = 0; path = HelloAnimalsTests.xctest; sourceTree = BUILT_PRODUCTS_DIR; };
		12B55ABE1B44F3FD00E49379 /* Info.plist */ = {isa = PBXFileReference; lastKnownFileType = text.plist.xml; path = Info.plist; sourceTree = "<group>"; };
		12B55ABF1B44F3FD00E49379 /* HelloAnimalsTests.swift */ = {isa = PBXFileReference; lastKnownFileType = sourcecode.swift; path = HelloAnimalsTests.swift; sourceTree = "<group>"; };
/* End PBXFileReference section */

/* Begin PBXFrameworksBuildPhase section */
		12B55A9F1B44F3FD00E49379 /* Frameworks */ = {
			isa = PBXFrameworksBuildPhase;
			buildActionMask = 2147483647;
			files = (
			);
			runOnlyForDeploymentPostprocessing = 0;
		};
		12B55AB61B44F3FD00E49379 /* Frameworks */ = {
			isa = PBXFrameworksBuildPhase;
			buildActionMask = 2147483647;
			files = (
			);
			runOnlyForDeploymentPostprocessing = 0;
		};
/* End PBXFrameworksBuildPhase section */

/* Begin PBXGroup section */
		12B55A991B44F3FD00E49379 = {
			isa = PBXGroup;
			children = (
				12B55AA41B44F3FD00E49379 /* HelloAnimals */,
				12B55ABC1B44F3FD00E49379 /* HelloAnimalsTests */,
				12B55AA31B44F3FD00E49379 /* Products */,
			);
			sourceTree = "<group>";
		};
		12B55AA31B44F3FD00E49379 /* Products */ = {
			isa = PBXGroup;
			children = (
				12B55AA21B44F3FD00E49379 /* HelloAnimals.app */,
				12B55AB91B44F3FD00E49379 /* HelloAnimalsTests.xctest */,
			);
			name = Products;
			sourceTree = "<group>";
		};
		12B55AA41B44F3FD00E49379 /* HelloAnimals */ = {
			isa = PBXGroup;
			children = (
				12B55AA71B44F3FD00E49379 /* AppDelegate.swift */,
				12B55AA91B44F3FD00E49379 /* MasterViewController.swift */,
				12B55AAB1B44F3FD00E49379 /* DetailViewController.swift */,
				12B55AAD1B44F3FD00E49379 /* Main.storyboard */,
				12B55AB01B44F3FD00E49379 /* Images.xcassets */,
				12B55AB21B44F3FD00E49379 /* LaunchScreen.xib */,
				12B55AA51B44F3FD00E49379 /* Supporting Files */,
			);
			path = HelloAnimals;
			sourceTree = "<group>";
		};
		12B55AA51B44F3FD00E49379 /* Supporting Files */ = {
			isa = PBXGroup;
			children = (
				12B55AA61B44F3FD00E49379 /* Info.plist */,
			);
			name = "Supporting Files";
			sourceTree = "<group>";
		};
		12B55ABC1B44F3FD00E49379 /* HelloAnimalsTests */ = {
			isa = PBXGroup;
			children = (
				12B55ABF1B44F3FD00E49379 /* HelloAnimalsTests.swift */,
				12B55ABD1B44F3FD00E49379 /* Supporting Files */,
			);
			path = HelloAnimalsTests;
			sourceTree = "<group>";
		};
		12B55ABD1B44F3FD00E49379 /* Supporting Files */ = {
			isa = PBXGroup;
			children = (
				12B55ABE1B44F3FD00E49379 /* Info.plist */,
			);
			name = "Supporting Files";
			sourceTree = "<group>";
		};
/* End PBXGroup section */

/* Begin PBXNativeTarget section */
		12B55AA11B44F3FD00E49379 /* HelloAnimals */ = {
			isa = PBXNativeTarget;
			buildConfigurationList = 12B55AC31B44F3FD00E49379 /* Build configuration list for PBXNativeTarget "HelloAnimals" */;
			buildPhases = (
				12B55A9E1B44F3FD00E49379 /* Sources */,
				12B55A9F1B44F3FD00E49379 /* Frameworks */,
				12B55AA01B44F3FD00E49379 /* Resources */,
			);
			buildRules = (
			);
			dependencies = (
			);
			name = HelloAnimals;
			productName = HelloAnimals;
			productReference = 12B55AA21B44F3FD00E49379 /* HelloAnimals.app */;
			productType = "com.apple.product-type.application";
		};
		12B55AB81B44F3FD00E49379 /* HelloAnimalsTests */ = {
			isa = PBXNativeTarget;
			buildConfigurationList = 12B55AC61B44F3FD00E49379 /* Build configuration list for PBXNativeTarget "HelloAnimalsTests" */;
			buildPhases = (
				12B55AB51B44F3FD00E49379 /* Sources */,
				12B55AB61B44F3FD00E49379 /* Frameworks */,
				12B55AB71B44F3FD00E49379 /* Resources */,
			);
			buildRules = (
			);
			dependencies = (
				12B55ABB1B44F3FD00E49379 /* PBXTargetDependency */,
			);
			name = HelloAnimalsTests;
			productName = HelloAnimalsTests;
			productReference = 12B55AB91B44F3FD00E49379 /* HelloAnimalsTests.xctest */;
			productType = "com.apple.product-type.bundle.unit-test";
		};
/* End PBXNativeTarget section */

/* Begin PBXProject section */
		12B55A9A1B44F3FD00E49379 /* Project object */ = {
			isa = PBXProject;
			attributes = {
				LastUpgradeCheck = 0630;
				ORGANIZATIONNAME = "Eugene Oskin";
				TargetAttributes = {
					12B55AA11B44F3FD00E49379 = {
						CreatedOnToolsVersion = 6.3.2;
					};
					12B55AB81B44F3FD00E49379 = {
						CreatedOnToolsVersion = 6.3.2;
						TestTargetID = 12B55AA11B44F3FD00E49379;
					};
				};
			};
			buildConfigurationList = 12B55A9D1B44F3FD00E49379 /* Build configuration list for PBXProject "HelloAnimals" */;
			compatibilityVersion = "Xcode 3.2";
			developmentRegion = English;
			hasScannedForEncodings = 0;
			knownRegions = (
				en,
				Base,
			);
			mainGroup = 12B55A991B44F3FD00E49379;
			productRefGroup = 12B55AA31B44F3FD00E49379 /* Products */;
			projectDirPath = "";
			projectRoot = "";
			targets = (
				12B55AA11B44F3FD00E49379 /* HelloAnimals */,
				12B55AB81B44F3FD00E49379 /* HelloAnimalsTests */,
			);
		};
/* End PBXProject section */

/* Begin PBXResourcesBuildPhase section */
		12B55AA01B44F3FD00E49379 /* Resources */ = {
			isa = PBXResourcesBuildPhase;
			buildActionMask = 2147483647;
			files = (
				12B55AAF1B44F3FD00E49379 /* Main.storyboard in Resources */,
				12B55AB41B44F3FD00E49379 /* LaunchScreen.xib in Resources */,
				12B55AB11B44F3FD00E49379 /* Images.xcassets in Resources */,
			);
			runOnlyForDeploymentPostprocessing = 0;
		};
		12B55AB71B44F3FD00E49379 /* Resources */ = {
			isa = PBXResourcesBuildPhase;
			buildActionMask = 2147483647;
			files = (
			);
			runOnlyForDeploymentPostprocessing = 0;
		};
/* End PBXResourcesBuildPhase section */

/* Begin PBXSourcesBuildPhase section */
		12B55A9E1B44F3FD00E49379 /* Sources */ = {
			isa = PBXSourcesBuildPhase;
			buildActionMask = 2147483647;
			files = (
				12B55AAC1B44F3FD00E49379 /* DetailViewController.swift in Sources */,
				12B55AAA1B44F3FD00E49379 /* MasterViewController.swift in Sources */,
				12B55AA81B44F3FD00E49379 /* AppDelegate.swift in Sources */,
			);
			runOnlyForDeploymentPostprocessing = 0;
		};
		12B55AB51B44F3FD00E49379 /* Sources */ = {
			isa = PBXSourcesBuildPhase;
			buildActionMask = 2147483647;
			files = (
				12B55AC01B44F3FD00E49379 /* HelloAnimalsTests.swift in Sources */,
			);
			runOnlyForDeploymentPostprocessing = 0;
		};
/* End PBXSourcesBuildPhase section */

/* Begin PBXTargetDependency section */
		12B55ABB1B44F3FD00E49379 /* PBXTargetDependency */ = {
			isa = PBXTargetDependency;
			target = 12B55AA11B44F3FD00E49379 /* HelloAnimals */;
			targetProxy = 12B55ABA1B44F3FD00E49379 /* PBXContainerItemProxy */;
		};
/* End PBXTargetDependency section */

/* Begin PBXVariantGroup section */
		12B55AAD1B44F3FD00E49379 /* Main.storyboard */ = {
			isa = PBXVariantGroup;
			children = (
				12B55AAE1B44F3FD00E49379 /* Base */,
			);
			name = Main.storyboard;
			sourceTree = "<group>";
		};
		12B55AB21B44F3FD00E49379 /* LaunchScreen.xib */ = {
			isa = PBXVariantGroup;
			children = (
				12B55AB31B44F3FD00E49379 /* Base */,
			);
			name = LaunchScreen.xib;
			sourceTree = "<group>";
		};
/* End PBXVariantGroup section */

/* Begin XCBuildConfiguration section */
		12B55AC11B44F3FD00E49379 /* Debug */ = {
			isa = XCBuildConfiguration;
			buildSettings = {
				ALWAYS_SEARCH_USER_PATHS = NO;
				CLANG_CXX_LANGUAGE_STANDARD = "gnu++0x";
				CLANG_CXX_LIBRARY = "libc++";
				CLANG_ENABLE_MODULES = YES;
				CLANG_ENABLE_OBJC_ARC = YES;
				CLANG_WARN_BOOL_CONVERSION = YES;
				CLANG_WARN_CONSTANT_CONVERSION = YES;
				CLANG_WARN_DIRECT_OBJC_ISA_USAGE = YES_ERROR;
				CLANG_WARN_EMPTY_BODY = YES;
				CLANG_WARN_ENUM_CONVERSION = YES;
				CLANG_WARN_INT_CONVERSION = YES;
				CLANG_WARN_OBJC_ROOT_CLASS = YES_ERROR;
				CLANG_WARN_UNREACHABLE_CODE = YES;
				CLANG_WARN__DUPLICATE_METHOD_MATCH = YES;
				"CODE_SIGN_IDENTITY[sdk=iphoneos*]" = "iPhone Developer";
				COPY_PHASE_STRIP = NO;
				DEBUG_INFORMATION_FORMAT = "dwarf-with-dsym";
				ENABLE_STRICT_OBJC_MSGSEND = YES;
				GCC_C_LANGUAGE_STANDARD = gnu99;
				GCC_DYNAMIC_NO_PIC = NO;
				GCC_NO_COMMON_BLOCKS = YES;
				GCC_OPTIMIZATION_LEVEL = 0;
				GCC_PREPROCESSOR_DEFINITIONS = (
					"DEBUG=1",
					"$(inherited)",
				);
				GCC_SYMBOLS_PRIVATE_EXTERN = NO;
				GCC_WARN_64_TO_32_BIT_CONVERSION = YES;
				GCC_WARN_ABOUT_RETURN_TYPE = YES_ERROR;
				GCC_WARN_UNDECLARED_SELECTOR = YES;
				GCC_WARN_UNINITIALIZED_AUTOS = YES_AGGRESSIVE;
				GCC_WARN_UNUSED_FUNCTION = YES;
				GCC_WARN_UNUSED_VARIABLE = YES;
				IPHONEOS_DEPLOYMENT_TARGET = 8.3;
				MTL_ENABLE_DEBUG_INFO = YES;
				ONLY_ACTIVE_ARCH = YES;
				SDKROOT = iphoneos;
				SWIFT_OPTIMIZATION_LEVEL = "-Onone";
				TARGETED_DEVICE_FAMILY = "1,2";
			};
			name = Debug;
		};
		12B55AC21B44F3FD00E49379 /* Release */ = {
			isa = XCBuildConfiguration;
			buildSettings = {
				ALWAYS_SEARCH_USER_PATHS = NO;
				CLANG_CXX_LANGUAGE_STANDARD = "gnu++0x";
				CLANG_CXX_LIBRARY = "libc++";
				CLANG_ENABLE_MODULES = YES;
				CLANG_ENABLE_OBJC_ARC = YES;
				CLANG_WARN_BOOL_CONVERSION = YES;
				CLANG_WARN_CONSTANT_CONVERSION = YES;
				CLANG_WARN_DIRECT_OBJC_ISA_USAGE = YES_ERROR;
				CLANG_WARN_EMPTY_BODY = YES;
				CLANG_WARN_ENUM_CONVERSION = YES;
				CLANG_WARN_INT_CONVERSION = YES;
				CLANG_WARN_OBJC_ROOT_CLASS = YES_ERROR;
				CLANG_WARN_UNREACHABLE_CODE = YES;
				CLANG_WARN__DUPLICATE_METHOD_MATCH = YES;
				"CODE_SIGN_IDENTITY[sdk=iphoneos*]" = "iPhone Developer";
				COPY_PHASE_STRIP = NO;
				DEBUG_INFORMATION_FORMAT = "dwarf-with-dsym";
				ENABLE_NS_ASSERTIONS = NO;
				ENABLE_STRICT_OBJC_MSGSEND = YES;
				GCC_C_LANGUAGE_STANDARD = gnu99;
				GCC_NO_COMMON_BLOCKS = YES;
				GCC_WARN_64_TO_32_BIT_CONVERSION = YES;
				GCC_WARN_ABOUT_RETURN_TYPE = YES_ERROR;
				GCC_WARN_UNDECLARED_SELECTOR = YES;
				GCC_WARN_UNINITIALIZED_AUTOS = YES_AGGRESSIVE;
				GCC_WARN_UNUSED_FUNCTION = YES;
				GCC_WARN_UNUSED_VARIABLE = YES;
				IPHONEOS_DEPLOYMENT_TARGET = 8.3;
				MTL_ENABLE_DEBUG_INFO = NO;
				SDKROOT = iphoneos;
				TARGETED_DEVICE_FAMILY = "1,2";
				VALIDATE_PRODUCT = YES;
			};
			name = Release;
		};
		12B55AC41B44F3FD00E49379 /* Debug */ = {
			isa = XCBuildConfiguration;
			buildSettings = {
				ASSETCATALOG_COMPILER_APPICON_NAME = AppIcon;
				INFOPLIST_FILE = HelloAnimals/Info.plist;
				LD_RUNPATH_SEARCH_PATHS = "$(inherited) @executable_path/Frameworks";
				PRODUCT_NAME = "$(TARGET_NAME)";
			};
			name = Debug;
		};
		12B55AC51B44F3FD00E49379 /* Release */ = {
			isa = XCBuildConfiguration;
			buildSettings = {
				ASSETCATALOG_COMPILER_APPICON_NAME = AppIcon;
				INFOPLIST_FILE = HelloAnimals/Info.plist;
				LD_RUNPATH_SEARCH_PATHS = "$(inherited) @executable_path/Frameworks";
				PRODUCT_NAME = "$(TARGET_NAME)";
			};
			name = Release;
		};
		12B55AC71B44F3FD00E49379 /* Debug */ = {
			isa = XCBuildConfiguration;
			buildSettings = {
				BUNDLE_LOADER = "$(TEST_HOST)";
				FRAMEWORK_SEARCH_PATHS = (
					"$(SDKROOT)/Developer/Library/Frameworks",
					"$(inherited)",
				);
				GCC_PREPROCESSOR_DEFINITIONS = (
					"DEBUG=1",
					"$(inherited)",
				);
				INFOPLIST_FILE = HelloAnimalsTests/Info.plist;
				LD_RUNPATH_SEARCH_PATHS = "$(inherited) @executable_path/Frameworks @loader_path/Frameworks";
				PRODUCT_NAME = "$(TARGET_NAME)";
				TEST_HOST = "$(BUILT_PRODUCTS_DIR)/HelloAnimals.app/HelloAnimals";
			};
			name = Debug;
		};
		12B55AC81B44F3FD00E49379 /* Release */ = {
			isa = XCBuildConfiguration;
			buildSettings = {
				BUNDLE_LOADER = "$(TEST_HOST)";
				FRAMEWORK_SEARCH_PATHS = (
					"$(SDKROOT)/Developer/Library/Frameworks",
					"$(inherited)",
				);
				INFOPLIST_FILE = HelloAnimalsTests/Info.plist;
				LD_RUNPATH_SEARCH_PATHS = "$(inherited) @executable_path/Frameworks @loader_path/Frameworks";
				PRODUCT_NAME = "$(TARGET_NAME)";
				TEST_HOST = "$(BUILT_PRODUCTS_DIR)/HelloAnimals.app/HelloAnimals";
			};
			name = Release;
		};
/* End XCBuildConfiguration section */

/* Begin XCConfigurationList section */
		12B55A9D1B44F3FD00E49379 /* Build configuration list for PBXProject "HelloAnimals" */ = {
			isa = XCConfigurationList;
			buildConfigurations = (
				12B55AC11B44F3FD00E49379 /* Debug */,
				12B55AC21B44F3FD00E49379 /* Release */,
			);
			defaultConfigurationIsVisible = 0;
			defaultConfigurationName = Release;
		};
		12B55AC31B44F3FD00E49379 /* Build configuration list for PBXNativeTarget "HelloAnimals" */ = {
			isa = XCConfigurationList;
			buildConfigurations = (
				12B55AC41B44F3FD00E49379 /* Debug */,
				12B55AC51B44F3FD00E49379 /* Release */,
			);
			defaultConfigurationIsVisible = 0;
		};
		12B55AC61B44F3FD00E49379 /* Build configuration list for PBXNativeTarget "HelloAnimalsTests" */ = {
			isa = XCConfigurationList;
			buildConfigurations = (
				12B55AC71B44F3FD00E49379 /* Debug */,
				12B55AC81B44F3FD00E49379 /* Release */,
			);
			defaultConfigurationIsVisible = 0;
		};
/* End XCConfigurationList section */
	};
	rootObject = 12B55A9A1B44F3FD00E49379 /* Project object */;
}
